// !$*UTF8*$!
{
	archiveVersion = 1;
	classes = {
	};
	objectVersion = 50;
	objects = {

/* Begin PBXBuildFile section */
		92D494CF24A3AEE100FEB204 /* AppDelegate.swift in Sources */ = {isa = PBXBuildFile; fileRef = 92D494CE24A3AEE100FEB204 /* AppDelegate.swift */; };
		92D494D124A3AEE100FEB204 /* SceneDelegate.swift in Sources */ = {isa = PBXBuildFile; fileRef = 92D494D024A3AEE100FEB204 /* SceneDelegate.swift */; };
		92D494D324A3AEE100FEB204 /* ViewController.swift in Sources */ = {isa = PBXBuildFile; fileRef = 92D494D224A3AEE100FEB204 /* ViewController.swift */; };
		92D494D624A3AEE100FEB204 /* Main.storyboard in Resources */ = {isa = PBXBuildFile; fileRef = 92D494D424A3AEE100FEB204 /* Main.storyboard */; };
		92D494D824A3AEE500FEB204 /* Assets.xcassets in Resources */ = {isa = PBXBuildFile; fileRef = 92D494D724A3AEE500FEB204 /* Assets.xcassets */; };
		92D494DB24A3AEE500FEB204 /* LaunchScreen.storyboard in Resources */ = {isa = PBXBuildFile; fileRef = 92D494D924A3AEE500FEB204 /* LaunchScreen.storyboard */; };
/* End PBXBuildFile section */

/* Begin PBXFileReference section */
		92D494CB24A3AEE100FEB204 /* Covid 19 Tracker.app */ = {isa = PBXFileReference; explicitFileType = wrapper.application; includeInIndex = 0; path = "Covid 19 Tracker.app"; sourceTree = BUILT_PRODUCTS_DIR; };
		92D494CE24A3AEE100FEB204 /* AppDelegate.swift */ = {isa = PBXFileReference; lastKnownFileType = sourcecode.swift; path = AppDelegate.swift; sourceTree = "<group>"; };
		92D494D024A3AEE100FEB204 /* SceneDelegate.swift */ = {isa = PBXFileReference; lastKnownFileType = sourcecode.swift; path = SceneDelegate.swift; sourceTree = "<group>"; };
		92D494D224A3AEE100FEB204 /* ViewController.swift */ = {isa = PBXFileReference; lastKnownFileType = sourcecode.swift; path = ViewController.swift; sourceTree = "<group>"; };
		92D494D524A3AEE100FEB204 /* Base */ = {isa = PBXFileReference; lastKnownFileType = file.storyboard; name = Base; path = Base.lproj/Main.storyboard; sourceTree = "<group>"; };
		92D494D724A3AEE500FEB204 /* Assets.xcassets */ = {isa = PBXFileReference; lastKnownFileType = folder.assetcatalog; path = Assets.xcassets; sourceTree = "<group>"; };
		92D494DA24A3AEE500FEB204 /* Base */ = {isa = PBXFileReference; lastKnownFileType = file.storyboard; name = Base; path = Base.lproj/LaunchScreen.storyboard; sourceTree = "<group>"; };
		92D494DC24A3AEE500FEB204 /* Info.plist */ = {isa = PBXFileReference; lastKnownFileType = text.plist.xml; path = Info.plist; sourceTree = "<group>"; };
/* End PBXFileReference section */

/* Begin PBXFrameworksBuildPhase section */
		92D494C824A3AEE000FEB204 /* Frameworks */ = {
			isa = PBXFrameworksBuildPhase;
			buildActionMask = 2147483647;
			files = (
			);
			runOnlyForDeploymentPostprocessing = 0;
		};
/* End PBXFrameworksBuildPhase section */

/* Begin PBXGroup section */
		92D494C224A3AEE000FEB204 = {
			isa = PBXGroup;
			children = (
				92D494CD24A3AEE100FEB204 /* Covid 19 Tracker */,
				92D494CC24A3AEE100FEB204 /* Products */,
			);
			sourceTree = "<group>";
		};
		92D494CC24A3AEE100FEB204 /* Products */ = {
			isa = PBXGroup;
			children = (
				92D494CB24A3AEE100FEB204 /* Covid 19 Tracker.app */,
			);
			name = Products;
			sourceTree = "<group>";
		};
		92D494CD24A3AEE100FEB204 /* Covid 19 Tracker */ = {
			isa = PBXGroup;
			children = (
				92D494CE24A3AEE100FEB204 /* AppDelegate.swift */,
				92D494D024A3AEE100FEB204 /* SceneDelegate.swift */,
				92D494D224A3AEE100FEB204 /* ViewController.swift */,
				92D494D424A3AEE100FEB204 /* Main.storyboard */,
				92D494D724A3AEE500FEB204 /* Assets.xcassets */,
				92D494D924A3AEE500FEB204 /* LaunchScreen.storyboard */,
				92D494DC24A3AEE500FEB204 /* Info.plist */,
			);
			path = "Covid 19 Tracker";
			sourceTree = "<group>";
		};
/* End PBXGroup section */

/* Begin PBXNativeTarget section */
		92D494CA24A3AEE000FEB204 /* Covid 19 Tracker */ = {
			isa = PBXNativeTarget;
			buildConfigurationList = 92D494DF24A3AEE500FEB204 /* Build configuration list for PBXNativeTarget "Covid 19 Tracker" */;
			buildPhases = (
				92D494C724A3AEE000FEB204 /* Sources */,
				92D494C824A3AEE000FEB204 /* Frameworks */,
				92D494C924A3AEE000FEB204 /* Resources */,
			);
			buildRules = (
			);
			dependencies = (
			);
			name = "Covid 19 Tracker";
			productName = "Covid 19 Tracker";
			productReference = 92D494CB24A3AEE100FEB204 /* Covid 19 Tracker.app */;
			productType = "com.apple.product-type.application";
		};
/* End PBXNativeTarget section */

/* Begin PBXProject section */
		92D494C324A3AEE000FEB204 /* Project object */ = {
			isa = PBXProject;
			attributes = {
				LastSwiftUpdateCheck = 1150;
				LastUpgradeCheck = 1150;
				ORGANIZATIONNAME = "Rajesh Thangaraj";
				TargetAttributes = {
					92D494CA24A3AEE000FEB204 = {
						CreatedOnToolsVersion = 11.5;
					};
				};
			};
			buildConfigurationList = 92D494C624A3AEE000FEB204 /* Build configuration list for PBXProject "Covid 19 Tracker" */;
			compatibilityVersion = "Xcode 9.3";
			developmentRegion = en;
			hasScannedForEncodings = 0;
			knownRegions = (
				en,
				Base,
			);
			mainGroup = 92D494C224A3AEE000FEB204;
			productRefGroup = 92D494CC24A3AEE100FEB204 /* Products */;
			projectDirPath = "";
			projectRoot = "";
			targets = (
				92D494CA24A3AEE000FEB204 /* Covid 19 Tracker */,
			);
		};
/* End PBXProject section */

/* Begin PBXResourcesBuildPhase section */
		92D494C924A3AEE000FEB204 /* Resources */ = {
			isa = PBXResourcesBuildPhase;
			buildActionMask = 2147483647;
			files = (
				92D494DB24A3AEE500FEB204 /* LaunchScreen.storyboard in Resources */,
				92D494D824A3AEE500FEB204 /* Assets.xcassets in Resources */,
				92D494D624A3AEE100FEB204 /* Main.storyboard in Resources */,
			);
			runOnlyForDeploymentPostprocessing = 0;
		};
/* End PBXResourcesBuildPhase section */

/* Begin PBXSourcesBuildPhase section */
		92D494C724A3AEE000FEB204 /* Sources */ = {
			isa = PBXSourcesBuildPhase;
			buildActionMask = 2147483647;
			files = (
				92D494D324A3AEE100FEB204 /* ViewController.swift in Sources */,
				92D494CF24A3AEE100FEB204 /* AppDelegate.swift in Sources */,
				92D494D124A3AEE100FEB204 /* SceneDelegate.swift in Sources */,
			);
			runOnlyForDeploymentPostprocessing = 0;
		};
/* End PBXSourcesBuildPhase section */

/* Begin PBXVariantGroup section */
		92D494D424A3AEE100FEB204 /* Main.storyboard */ = {
			isa = PBXVariantGroup;
			children = (
				92D494D524A3AEE100FEB204 /* Base */,
			);
			name = Main.storyboard;
			sourceTree = "<group>";
		};
		92D494D924A3AEE500FEB204 /* LaunchScreen.storyboard */ = {
			isa = PBXVariantGroup;
			children = (
				92D494DA24A3AEE500FEB204 /* Base */,
			);
			name = LaunchScreen.storyboard;
			sourceTree = "<group>";
		};
/* End PBXVariantGroup section */

/* Begin XCBuildConfiguration section */
		92D494DD24A3AEE500FEB204 /* Debug */ = {
			isa = XCBuildConfiguration;
			buildSettings = {
				ALWAYS_SEARCH_USER_PATHS = NO;
				CLANG_ANALYZER_NONNULL = YES;
				CLANG_ANALYZER_NUMBER_OBJECT_CONVERSION = YES_AGGRESSIVE;
				CLANG_CXX_LANGUAGE_STANDARD = "gnu++14";
				CLANG_CXX_LIBRARY = "libc++";
				CLANG_ENABLE_MODULES = YES;
				CLANG_ENABLE_OBJC_ARC = YES;
				CLANG_ENABLE_OBJC_WEAK = YES;
				CLANG_WARN_BLOCK_CAPTURE_AUTORELEASING = YES;
				CLANG_WARN_BOOL_CONVERSION = YES;
				CLANG_WARN_COMMA = YES;
				CLANG_WARN_CONSTANT_CONVERSION = YES;
				CLANG_WARN_DEPRECATED_OBJC_IMPLEMENTATIONS = YES;
				CLANG_WARN_DIRECT_OBJC_ISA_USAGE = YES_ERROR;
				CLANG_WARN_DOCUMENTATION_COMMENTS = YES;
				CLANG_WARN_EMPTY_BODY = YES;
				CLANG_WARN_ENUM_CONVERSION = YES;
				CLANG_WARN_INFINITE_RECURSION = YES;
				CLANG_WARN_INT_CONVERSION = YES;
				CLANG_WARN_NON_LITERAL_NULL_CONVERSION = YES;
				CLANG_WARN_OBJC_IMPLICIT_RETAIN_SELF = YES;
				CLANG_WARN_OBJC_LITERAL_CONVERSION = YES;
				CLANG_WARN_OBJC_ROOT_CLASS = YES_ERROR;
				CLANG_WARN_RANGE_LOOP_ANALYSIS = YES;
				CLANG_WARN_STRICT_PROTOTYPES = YES;
				CLANG_WARN_SUSPICIOUS_MOVE = YES;
				CLANG_WARN_UNGUARDED_AVAILABILITY = YES_AGGRESSIVE;
				CLANG_WARN_UNREACHABLE_CODE = YES;
				CLANG_WARN__DUPLICATE_METHOD_MATCH = YES;
				COPY_PHASE_STRIP = NO;
				DEBUG_INFORMATION_FORMAT = dwarf;
				ENABLE_STRICT_OBJC_MSGSEND = YES;
				ENABLE_TESTABILITY = YES;
				GCC_C_LANGUAGE_STANDARD = gnu11;
				GCC_DYNAMIC_NO_PIC = NO;
				GCC_NO_COMMON_BLOCKS = YES;
				GCC_OPTIMIZATION_LEVEL = 0;
				GCC_PREPROCESSOR_DEFINITIONS = (
					"DEBUG=1",
					"$(inherited)",
				);
				GCC_WARN_64_TO_32_BIT_CONVERSION = YES;
				GCC_WARN_ABOUT_RETURN_TYPE = YES_ERROR;
				GCC_WARN_UNDECLARED_SELECTOR = YES;
				GCC_WARN_UNINITIALIZED_AUTOS = YES_AGGRESSIVE;
				GCC_WARN_UNUSED_FUNCTION = YES;
				GCC_WARN_UNUSED_VARIABLE = YES;
				IPHONEOS_DEPLOYMENT_TARGET = 13.5;
				MTL_ENABLE_DEBUG_INFO = INCLUDE_SOURCE;
				MTL_FAST_MATH = YES;
				ONLY_ACTIVE_ARCH = YES;
				SDKROOT = iphoneos;
				SWIFT_ACTIVE_COMPILATION_CONDITIONS = DEBUG;
				SWIFT_OPTIMIZATION_LEVEL = "-Onone";
			};
			name = Debug;
		};
		92D494DE24A3AEE500FEB204 /* Release */ = {
			isa = XCBuildConfiguration;
			buildSettings = {
				ALWAYS_SEARCH_USER_PATHS = NO;
				CLANG_ANALYZER_NONNULL = YES;
				CLANG_ANALYZER_NUMBER_OBJECT_CONVERSION = YES_AGGRESSIVE;
				CLANG_CXX_LANGUAGE_STANDARD = "gnu++14";
				CLANG_CXX_LIBRARY = "libc++";
				CLANG_ENABLE_MODULES = YES;
				CLANG_ENABLE_OBJC_ARC = YES;
				CLANG_ENABLE_OBJC_WEAK = YES;
				CLANG_WARN_BLOCK_CAPTURE_AUTORELEASING = YES;
				CLANG_WARN_BOOL_CONVERSION = YES;
				CLANG_WARN_COMMA = YES;
				CLANG_WARN_CONSTANT_CONVERSION = YES;
				CLANG_WARN_DEPRECATED_OBJC_IMPLEMENTATIONS = YES;
				CLANG_WARN_DIRECT_OBJC_ISA_USAGE = YES_ERROR;
				CLANG_WARN_DOCUMENTATION_COMMENTS = YES;
				CLANG_WARN_EMPTY_BODY = YES;
				CLANG_WARN_ENUM_CONVERSION = YES;
				CLANG_WARN_INFINITE_RECURSION = YES;
				CLANG_WARN_INT_CONVERSION = YES;
				CLANG_WARN_NON_LITERAL_NULL_CONVERSION = YES;
				CLANG_WARN_OBJC_IMPLICIT_RETAIN_SELF = YES;
				CLANG_WARN_OBJC_LITERAL_CONVERSION = YES;
				CLANG_WARN_OBJC_ROOT_CLASS = YES_ERROR;
				CLANG_WARN_RANGE_LOOP_ANALYSIS = YES;
				CLANG_WARN_STRICT_PROTOTYPES = YES;
				CLANG_WARN_SUSPICIOUS_MOVE = YES;
				CLANG_WARN_UNGUARDED_AVAILABILITY = YES_AGGRESSIVE;
				CLANG_WARN_UNREACHABLE_CODE = YES;
				CLANG_WARN__DUPLICATE_METHOD_MATCH = YES;
				COPY_PHASE_STRIP = NO;
				DEBUG_INFORMATION_FORMAT = "dwarf-with-dsym";
				ENABLE_NS_ASSERTIONS = NO;
				ENABLE_STRICT_OBJC_MSGSEND = YES;
				GCC_C_LANGUAGE_STANDARD = gnu11;
				GCC_NO_COMMON_BLOCKS = YES;
				GCC_WARN_64_TO_32_BIT_CONVERSION = YES;
				GCC_WARN_ABOUT_RETURN_TYPE = YES_ERROR;
				GCC_WARN_UNDECLARED_SELECTOR = YES;
				GCC_WARN_UNINITIALIZED_AUTOS = YES_AGGRESSIVE;
				GCC_WARN_UNUSED_FUNCTION = YES;
				GCC_WARN_UNUSED_VARIABLE = YES;
				IPHONEOS_DEPLOYMENT_TARGET = 13.5;
				MTL_ENABLE_DEBUG_INFO = NO;
				MTL_FAST_MATH = YES;
				SDKROOT = iphoneos;
				SWIFT_COMPILATION_MODE = wholemodule;
				SWIFT_OPTIMIZATION_LEVEL = "-O";
				VALIDATE_PRODUCT = YES;
			};
			name = Release;
		};
		92D494E024A3AEE500FEB204 /* Debug */ = {
			isa = XCBuildConfiguration;
			buildSettings = {
				ASSETCATALOG_COMPILER_APPICON_NAME = AppIcon;
				CODE_SIGN_STYLE = Automatic;
				DEVELOPMENT_TEAM = KA23B6A3N5;
				INFOPLIST_FILE = "Covid 19 Tracker/Info.plist";
				LD_RUNPATH_SEARCH_PATHS = (
					"$(inherited)",
					"@executable_path/Frameworks",
				);
				PRODUCT_BUNDLE_IDENTIFIER = "com.Covid-19-Tracker";
				PRODUCT_NAME = "$(TARGET_NAME)";
				SWIFT_VERSION = 5.0;
				TARGETED_DEVICE_FAMILY = "1,2";
			};
			name = Debug;
		};
		92D494E124A3AEE500FEB204 /* Release */ = {
			isa = XCBuildConfiguration;
			buildSettings = {
				ASSETCATALOG_COMPILER_APPICON_NAME = AppIcon;
				CODE_SIGN_STYLE = Automatic;
				DEVELOPMENT_TEAM = KA23B6A3N5;
				INFOPLIST_FILE = "Covid 19 Tracker/Info.plist";
				LD_RUNPATH_SEARCH_PATHS = (
					"$(inherited)",
					"@executable_path/Frameworks",
				);
				PRODUCT_BUNDLE_IDENTIFIER = "com.Covid-19-Tracker";
				PRODUCT_NAME = "$(TARGET_NAME)";
				SWIFT_VERSION = 5.0;
				TARGETED_DEVICE_FAMILY = "1,2";
			};
			name = Release;
		};
/* End XCBuildConfiguration section */

/* Begin XCConfigurationList section */
		92D494C624A3AEE000FEB204 /* Build configuration list for PBXProject "Covid 19 Tracker" */ = {
			isa = XCConfigurationList;
			buildConfigurations = (
				92D494DD24A3AEE500FEB204 /* Debug */,
				92D494DE24A3AEE500FEB204 /* Release */,
			);
			defaultConfigurationIsVisible = 0;
			defaultConfigurationName = Release;
		};
		92D494DF24A3AEE500FEB204 /* Build configuration list for PBXNativeTarget "Covid 19 Tracker" */ = {
			isa = XCConfigurationList;
			buildConfigurations = (
				92D494E024A3AEE500FEB204 /* Debug */,
				92D494E124A3AEE500FEB204 /* Release */,
			);
			defaultConfigurationIsVisible = 0;
			defaultConfigurationName = Release;
		};
/* End XCConfigurationList section */
	};
	rootObject = 92D494C324A3AEE000FEB204 /* Project object */;
}
